# THIS IS AN AUTOGENERATED FILE. DO NOT EDIT THIS FILE DIRECTLY.
# yarn lockfile v1


ccstate-react@^5.0.0:
  version "5.0.0"
  resolved "https://registry.yarnpkg.com/ccstate-react/-/ccstate-react-5.0.0.tgz#d6fd8e893ea8cd1bc1f18794e39dc3ebaf86980c"
  integrity sha512-+3ITd0iJsLUwTI6EhSFayXHAT2D1xnAtZfw2sfgP8+b6xq18r6xPZ1a/wxNY5UKhYrC3YLonCQy5RhnzbJXj5Q==
  dependencies:
    ccstate "^5.0.0"

ccstate@^5.0.0:
  version "5.0.0"
  resolved "https://registry.yarnpkg.com/ccstate/-/ccstate-5.0.0.tgz#5fea44d706a2b899b3803863ec893ffa374e73a8"
  integrity sha512-wtOEJVV5jfREr/LKTPN97DADHPh+ZpJq+0LP19lEmXRFXmQRYiGGP11+ARe02LnFRPzO7WwVXr84qLR2tvZfjg==

signal-timers@^1.0.4:
  version "1.0.4"
  resolved "https://registry.yarnpkg.com/signal-timers/-/signal-timers-1.0.4.tgz#6544b24fe10603890ef945fd142efb41730dca16"
  integrity sha512-aIqj6BTlnA2G48GTfTFqkEn5MJBtfx4bHCjqzdRLdkhvCRhH8kEDFsX6yUbX0qYXLvV4bI1PRgAw+C9DrgskGg==

signal-transaction@^1.1.0:
  version "1.1.0"
  resolved "https://registry.yarnpkg.com/signal-transaction/-/signal-transaction-1.1.0.tgz#a6961afa4d69049f63d50ecf8126f910bee2d73f"
  integrity sha512-p+IPQCop4vqQNbkn/DIktpxSpueNkpdKVZZoZPCmuI2M7nuIsvscBcXBhn7CgGx5bMSmnrFr3uqkqGWPbvvt/w==
